
Microsoft Visual Studio Solution File, Format Version 12.00
# Visual Studio Version 17
VisualStudioVersion = 17.0.31912.275
MinimumVisualStudioVersion = 10.0.40219.1
Project("{FAE04EC0-301F-11D3-BF4B-00C04F79EFBC}") = "techtask", "techtask\techtask.csproj", "{6E2DA3C3-76C4-40E3-B102-CA4DCE3C219A}"
EndProject
Global
	GlobalSection(SolutionConfigurationPlatforms) = preSolution
		Debug|Any CPU = Debug|Any CPU
		Release|Any CPU = Release|Any CPU
	EndGlobalSection
	GlobalSection(ProjectConfigurationPlatforms) = postSolution
		{6E2DA3C3-76C4-40E3-B102-CA4DCE3C219A}.Debug|Any CPU.ActiveCfg = Debug|Any CPU
		{6E2DA3C3-76C4-40E3-B102-CA4DCE3C219A}.Debug|Any CPU.Build.0 = Debug|Any CPU
		{6E2DA3C3-76C4-40E3-B102-CA4DCE3C219A}.Release|Any CPU.ActiveCfg = Release|Any CPU
		{6E2DA3C3-76C4-40E3-B102-CA4DCE3C219A}.Release|Any CPU.Build.0 = Release|Any CPU
	EndGlobalSection
	GlobalSection(SolutionProperties) = preSolution
		HideSolutionNode = FALSE
	EndGlobalSection
	GlobalSection(ExtensibilityGlobals) = postSolution
		SolutionGuid = {7F4CCFF1-F672-4856-91E3-FD08F3FF15B7}
	EndGlobalSection
EndGlobal
